
Microsoft Visual Studio Solution File, Format Version 12.00
# Visual Studio 15
VisualStudioVersion = 15.0.28307.572
MinimumVisualStudioVersion = 10.0.40219.1
Project("{2150E333-8FDC-42A3-9474-1A3956D46DE8}") = "Nop", "Nop", "{39B3F54D-41BE-42A0-AFE2-0B7A71D41983}"
EndProject
Project("{9A19103F-16F7-4668-BE54-9A1E7A4F7556}") = "Nop.Web", "Nop\Nop.Web\Nop.Web.csproj", "{E383F62A-3FB0-43A8-8FD6-99D8D6922B8A}"
EndProject
Project("{9A19103F-16F7-4668-BE54-9A1E7A4F7556}") = "Nop.Core", "Nop\Nop.Core\Nop.Core.csproj", "{195C2F00-AB1E-4412-A1BF-F847CF91F3EA}"
EndProject
Project("{9A19103F-16F7-4668-BE54-9A1E7A4F7556}") = "Nop.Web.Framework", "Nop\Nop.Web.Framework\Nop.Web.Framework.csproj", "{03AE4EAF-A3A0-45EF-8FD1-40B441C5CCCE}"
EndProject
Project("{9A19103F-16F7-4668-BE54-9A1E7A4F7556}") = "Nop.Services", "Nop\Nop.Services\Nop.Services.csproj", "{9DD185A7-AE92-49A7-8E8F-D4739EDD0CDB}"
EndProject
Project("{2150E333-8FDC-42A3-9474-1A3956D46DE8}") = "DistributedTransaction", "DistributedTransaction", "{3351B4AC-4049-4400-A0D2-2A34708B7BB5}"
	ProjectSection(SolutionItems) = preProject
		C:\Users\Administrator\Desktop\李明成\dbinit.sql = C:\Users\Administrator\Desktop\李明成\dbinit.sql
		C:\Users\Administrator\Desktop\李明成\powerDesigner 结构.png = C:\Users\Administrator\Desktop\李明成\powerDesigner 结构.png
		C:\Users\Administrator\Desktop\readme.txt = C:\Users\Administrator\Desktop\readme.txt
		C:\Users\Administrator\Desktop\李明成\运行截图.png = C:\Users\Administrator\Desktop\李明成\运行截图.png
	EndProjectSection
EndProject
Project("{2150E333-8FDC-42A3-9474-1A3956D46DE8}") = "Distributed", "Distributed", "{880015E7-836F-4780-953A-6B497A35FD09}"
EndProject
Project("{9A19103F-16F7-4668-BE54-9A1E7A4F7556}") = "KetamaHash", "Distributed\KetamaHash\KetamaHash.csproj", "{70F35DFC-A751-4392-8DB4-C53CAA8D7444}"
EndProject
Project("{9A19103F-16F7-4668-BE54-9A1E7A4F7556}") = "Base.Web", "DistributedTransaction\BaseWeb\Base.Web.csproj", "{565C069C-4DFF-46F8-9320-BE5C6A574D8F}"
EndProject
Project("{2150E333-8FDC-42A3-9474-1A3956D46DE8}") = "Application", "Application", "{8D47FD9A-B54A-4ABC-AF09-8D9A6CB52AAD}"
EndProject
Project("{2150E333-8FDC-42A3-9474-1A3956D46DE8}") = "Domain", "Domain", "{AA75B7BF-43B7-4D6F-8349-341ED7CC5F28}"
EndProject
Project("{2150E333-8FDC-42A3-9474-1A3956D46DE8}") = "Infrastructure", "Infrastructure", "{7A6B1461-A2FB-448F-86B2-591FB2B4745F}"
EndProject
Project("{2150E333-8FDC-42A3-9474-1A3956D46DE8}") = "Presentation", "Presentation", "{84BF2556-3C10-41FD-A09A-9260CB91D476}"
EndProject
Project("{2150E333-8FDC-42A3-9474-1A3956D46DE8}") = "Consumers", "Consumers", "{5CEB4357-3FF3-4ADE-840A-F7BB155053BA}"
EndProject
Project("{9A19103F-16F7-4668-BE54-9A1E7A4F7556}") = "AABase.ApplicationService", "DistributedTransaction\AABase.ApplicationService\AABase.ApplicationService.csproj", "{FA4C29C3-7024-496B-9AD1-B2D335F24F01}"
EndProject
Project("{9A19103F-16F7-4668-BE54-9A1E7A4F7556}") = "AABase.Domain", "DistributedTransaction\AABase.Domain\AABase.Domain.csproj", "{5844D1BF-B5A8-4426-9D47-98571F8BDED4}"
EndProject
Project("{2150E333-8FDC-42A3-9474-1A3956D46DE8}") = "DataAccess", "DataAccess", "{F0071B01-37F2-4AF9-B0CE-687812249939}"
EndProject
Project("{9A19103F-16F7-4668-BE54-9A1E7A4F7556}") = "AABase.DataAccess", "DistributedTransaction\AABase.DataAccess\AABase.DataAccess.csproj", "{AD60BF56-B1C1-4C82-B010-5633B390B1E5}"
EndProject
Project("{2150E333-8FDC-42A3-9474-1A3956D46DE8}") = "Models", "Models", "{F61A247D-458B-4FDE-A8B8-EEC6A609D1F0}"
EndProject
Project("{2150E333-8FDC-42A3-9474-1A3956D46DE8}") = "Common", "Common", "{F7610CF3-CC6A-4FDC-BC26-53FC4C5DA7E2}"
EndProject
Project("{9A19103F-16F7-4668-BE54-9A1E7A4F7556}") = "AABase.Dto", "DistributedTransaction\AABase.Dto\AABase.Dto.csproj", "{5BB074BB-C0C4-42ED-BF84-7112F79A7E60}"
EndProject
Project("{9A19103F-16F7-4668-BE54-9A1E7A4F7556}") = "AABase.EntityEnum", "DistributedTransaction\AABase.EntityEnum\AABase.EntityEnum.csproj", "{C48CDC1B-6739-4CC6-B60A-A6ACD5F7E029}"
EndProject
Project("{9A19103F-16F7-4668-BE54-9A1E7A4F7556}") = "AABase.ViewModel", "DistributedTransaction\AABase.ViewModel\AABase.ViewModel.csproj", "{9FDEFE0E-AD50-4DDF-8581-CBA796966690}"
EndProject
Project("{2150E333-8FDC-42A3-9474-1A3956D46DE8}") = "Config", "Config", "{1DBD234F-BCC3-41C7-B4A3-6ADEE2787396}"
EndProject
Project("{9A19103F-16F7-4668-BE54-9A1E7A4F7556}") = "AABase.Config", "DistributedTransaction\AABase.Config\AABase.Config.csproj", "{337E743C-0296-470E-B594-06469004F849}"
EndProject
Project("{9A19103F-16F7-4668-BE54-9A1E7A4F7556}") = "AABase.Common", "DistributedTransaction\AABase.Common\AABase.Common.csproj", "{B69855F7-0C16-4707-8443-1D952B744C03}"
EndProject
Project("{2150E333-8FDC-42A3-9474-1A3956D46DE8}") = "Bus.MsgContracts", "Bus.MsgContracts", "{BB4AFB8D-1622-48A9-9097-4B6185FC77BC}"
EndProject
Project("{9A19103F-16F7-4668-BE54-9A1E7A4F7556}") = "AABase.ServiceBus.MsgContracts", "DistributedTransaction\AABase.ServiceBus.MsgContracts\AABase.ServiceBus.MsgContracts.csproj", "{E9237361-0BBB-4E3A-9302-F90BAD6FD590}"
EndProject
Project("{9A19103F-16F7-4668-BE54-9A1E7A4F7556}") = "AABase.Consumers", "DistributedTransaction\AABase.Consumers\AABase.Consumers.csproj", "{3ACA013E-D118-4B44-B8EE-02E523240503}"
EndProject
Project("{9A19103F-16F7-4668-BE54-9A1E7A4F7556}") = "Base.Timing", "DistributedTransaction\Base.Timing\Base.Timing.csproj", "{C88A0162-01BF-407A-9B29-7D1BC9C02CAD}"
EndProject
Global
	GlobalSection(SolutionConfigurationPlatforms) = preSolution
		Debug|Any CPU = Debug|Any CPU
		Release|Any CPU = Release|Any CPU
	EndGlobalSection
	GlobalSection(ProjectConfigurationPlatforms) = postSolution
		{E383F62A-3FB0-43A8-8FD6-99D8D6922B8A}.Debug|Any CPU.ActiveCfg = Debug|Any CPU
		{E383F62A-3FB0-43A8-8FD6-99D8D6922B8A}.Debug|Any CPU.Build.0 = Debug|Any CPU
		{E383F62A-3FB0-43A8-8FD6-99D8D6922B8A}.Release|Any CPU.ActiveCfg = Release|Any CPU
		{E383F62A-3FB0-43A8-8FD6-99D8D6922B8A}.Release|Any CPU.Build.0 = Release|Any CPU
		{195C2F00-AB1E-4412-A1BF-F847CF91F3EA}.Debug|Any CPU.ActiveCfg = Debug|Any CPU
		{195C2F00-AB1E-4412-A1BF-F847CF91F3EA}.Debug|Any CPU.Build.0 = Debug|Any CPU
		{195C2F00-AB1E-4412-A1BF-F847CF91F3EA}.Release|Any CPU.ActiveCfg = Release|Any CPU
		{195C2F00-AB1E-4412-A1BF-F847CF91F3EA}.Release|Any CPU.Build.0 = Release|Any CPU
		{03AE4EAF-A3A0-45EF-8FD1-40B441C5CCCE}.Debug|Any CPU.ActiveCfg = Debug|Any CPU
		{03AE4EAF-A3A0-45EF-8FD1-40B441C5CCCE}.Debug|Any CPU.Build.0 = Debug|Any CPU
		{03AE4EAF-A3A0-45EF-8FD1-40B441C5CCCE}.Release|Any CPU.ActiveCfg = Release|Any CPU
		{03AE4EAF-A3A0-45EF-8FD1-40B441C5CCCE}.Release|Any CPU.Build.0 = Release|Any CPU
		{9DD185A7-AE92-49A7-8E8F-D4739EDD0CDB}.Debug|Any CPU.ActiveCfg = Debug|Any CPU
		{9DD185A7-AE92-49A7-8E8F-D4739EDD0CDB}.Debug|Any CPU.Build.0 = Debug|Any CPU
		{9DD185A7-AE92-49A7-8E8F-D4739EDD0CDB}.Release|Any CPU.ActiveCfg = Release|Any CPU
		{9DD185A7-AE92-49A7-8E8F-D4739EDD0CDB}.Release|Any CPU.Build.0 = Release|Any CPU
		{70F35DFC-A751-4392-8DB4-C53CAA8D7444}.Debug|Any CPU.ActiveCfg = Debug|Any CPU
		{70F35DFC-A751-4392-8DB4-C53CAA8D7444}.Debug|Any CPU.Build.0 = Debug|Any CPU
		{70F35DFC-A751-4392-8DB4-C53CAA8D7444}.Release|Any CPU.ActiveCfg = Release|Any CPU
		{70F35DFC-A751-4392-8DB4-C53CAA8D7444}.Release|Any CPU.Build.0 = Release|Any CPU
		{565C069C-4DFF-46F8-9320-BE5C6A574D8F}.Debug|Any CPU.ActiveCfg = Debug|Any CPU
		{565C069C-4DFF-46F8-9320-BE5C6A574D8F}.Debug|Any CPU.Build.0 = Debug|Any CPU
		{565C069C-4DFF-46F8-9320-BE5C6A574D8F}.Release|Any CPU.ActiveCfg = Release|Any CPU
		{565C069C-4DFF-46F8-9320-BE5C6A574D8F}.Release|Any CPU.Build.0 = Release|Any CPU
		{FA4C29C3-7024-496B-9AD1-B2D335F24F01}.Debug|Any CPU.ActiveCfg = Debug|Any CPU
		{FA4C29C3-7024-496B-9AD1-B2D335F24F01}.Debug|Any CPU.Build.0 = Debug|Any CPU
		{FA4C29C3-7024-496B-9AD1-B2D335F24F01}.Release|Any CPU.ActiveCfg = Release|Any CPU
		{FA4C29C3-7024-496B-9AD1-B2D335F24F01}.Release|Any CPU.Build.0 = Release|Any CPU
		{5844D1BF-B5A8-4426-9D47-98571F8BDED4}.Debug|Any CPU.ActiveCfg = Debug|Any CPU
		{5844D1BF-B5A8-4426-9D47-98571F8BDED4}.Debug|Any CPU.Build.0 = Debug|Any CPU
		{5844D1BF-B5A8-4426-9D47-98571F8BDED4}.Release|Any CPU.ActiveCfg = Release|Any CPU
		{5844D1BF-B5A8-4426-9D47-98571F8BDED4}.Release|Any CPU.Build.0 = Release|Any CPU
		{AD60BF56-B1C1-4C82-B010-5633B390B1E5}.Debug|Any CPU.ActiveCfg = Debug|Any CPU
		{AD60BF56-B1C1-4C82-B010-5633B390B1E5}.Debug|Any CPU.Build.0 = Debug|Any CPU
		{AD60BF56-B1C1-4C82-B010-5633B390B1E5}.Release|Any CPU.ActiveCfg = Release|Any CPU
		{AD60BF56-B1C1-4C82-B010-5633B390B1E5}.Release|Any CPU.Build.0 = Release|Any CPU
		{5BB074BB-C0C4-42ED-BF84-7112F79A7E60}.Debug|Any CPU.ActiveCfg = Debug|Any CPU
		{5BB074BB-C0C4-42ED-BF84-7112F79A7E60}.Debug|Any CPU.Build.0 = Debug|Any CPU
		{5BB074BB-C0C4-42ED-BF84-7112F79A7E60}.Release|Any CPU.ActiveCfg = Release|Any CPU
		{5BB074BB-C0C4-42ED-BF84-7112F79A7E60}.Release|Any CPU.Build.0 = Release|Any CPU
		{C48CDC1B-6739-4CC6-B60A-A6ACD5F7E029}.Debug|Any CPU.ActiveCfg = Debug|Any CPU
		{C48CDC1B-6739-4CC6-B60A-A6ACD5F7E029}.Debug|Any CPU.Build.0 = Debug|Any CPU
		{C48CDC1B-6739-4CC6-B60A-A6ACD5F7E029}.Release|Any CPU.ActiveCfg = Release|Any CPU
		{C48CDC1B-6739-4CC6-B60A-A6ACD5F7E029}.Release|Any CPU.Build.0 = Release|Any CPU
		{9FDEFE0E-AD50-4DDF-8581-CBA796966690}.Debug|Any CPU.ActiveCfg = Debug|Any CPU
		{9FDEFE0E-AD50-4DDF-8581-CBA796966690}.Debug|Any CPU.Build.0 = Debug|Any CPU
		{9FDEFE0E-AD50-4DDF-8581-CBA796966690}.Release|Any CPU.ActiveCfg = Release|Any CPU
		{9FDEFE0E-AD50-4DDF-8581-CBA796966690}.Release|Any CPU.Build.0 = Release|Any CPU
		{337E743C-0296-470E-B594-06469004F849}.Debug|Any CPU.ActiveCfg = Debug|Any CPU
		{337E743C-0296-470E-B594-06469004F849}.Debug|Any CPU.Build.0 = Debug|Any CPU
		{337E743C-0296-470E-B594-06469004F849}.Release|Any CPU.ActiveCfg = Release|Any CPU
		{337E743C-0296-470E-B594-06469004F849}.Release|Any CPU.Build.0 = Release|Any CPU
		{B69855F7-0C16-4707-8443-1D952B744C03}.Debug|Any CPU.ActiveCfg = Debug|Any CPU
		{B69855F7-0C16-4707-8443-1D952B744C03}.Debug|Any CPU.Build.0 = Debug|Any CPU
		{B69855F7-0C16-4707-8443-1D952B744C03}.Release|Any CPU.ActiveCfg = Release|Any CPU
		{B69855F7-0C16-4707-8443-1D952B744C03}.Release|Any CPU.Build.0 = Release|Any CPU
		{E9237361-0BBB-4E3A-9302-F90BAD6FD590}.Debug|Any CPU.ActiveCfg = Debug|Any CPU
		{E9237361-0BBB-4E3A-9302-F90BAD6FD590}.Debug|Any CPU.Build.0 = Debug|Any CPU
		{E9237361-0BBB-4E3A-9302-F90BAD6FD590}.Release|Any CPU.ActiveCfg = Release|Any CPU
		{E9237361-0BBB-4E3A-9302-F90BAD6FD590}.Release|Any CPU.Build.0 = Release|Any CPU
		{3ACA013E-D118-4B44-B8EE-02E523240503}.Debug|Any CPU.ActiveCfg = Debug|Any CPU
		{3ACA013E-D118-4B44-B8EE-02E523240503}.Debug|Any CPU.Build.0 = Debug|Any CPU
		{3ACA013E-D118-4B44-B8EE-02E523240503}.Release|Any CPU.ActiveCfg = Release|Any CPU
		{3ACA013E-D118-4B44-B8EE-02E523240503}.Release|Any CPU.Build.0 = Release|Any CPU
		{C88A0162-01BF-407A-9B29-7D1BC9C02CAD}.Debug|Any CPU.ActiveCfg = Debug|Any CPU
		{C88A0162-01BF-407A-9B29-7D1BC9C02CAD}.Debug|Any CPU.Build.0 = Debug|Any CPU
		{C88A0162-01BF-407A-9B29-7D1BC9C02CAD}.Release|Any CPU.ActiveCfg = Release|Any CPU
		{C88A0162-01BF-407A-9B29-7D1BC9C02CAD}.Release|Any CPU.Build.0 = Release|Any CPU
	EndGlobalSection
	GlobalSection(SolutionProperties) = preSolution
		HideSolutionNode = FALSE
	EndGlobalSection
	GlobalSection(NestedProjects) = preSolution
		{E383F62A-3FB0-43A8-8FD6-99D8D6922B8A} = {39B3F54D-41BE-42A0-AFE2-0B7A71D41983}
		{195C2F00-AB1E-4412-A1BF-F847CF91F3EA} = {39B3F54D-41BE-42A0-AFE2-0B7A71D41983}
		{03AE4EAF-A3A0-45EF-8FD1-40B441C5CCCE} = {39B3F54D-41BE-42A0-AFE2-0B7A71D41983}
		{9DD185A7-AE92-49A7-8E8F-D4739EDD0CDB} = {39B3F54D-41BE-42A0-AFE2-0B7A71D41983}
		{70F35DFC-A751-4392-8DB4-C53CAA8D7444} = {880015E7-836F-4780-953A-6B497A35FD09}
		{565C069C-4DFF-46F8-9320-BE5C6A574D8F} = {84BF2556-3C10-41FD-A09A-9260CB91D476}
		{8D47FD9A-B54A-4ABC-AF09-8D9A6CB52AAD} = {3351B4AC-4049-4400-A0D2-2A34708B7BB5}
		{AA75B7BF-43B7-4D6F-8349-341ED7CC5F28} = {3351B4AC-4049-4400-A0D2-2A34708B7BB5}
		{7A6B1461-A2FB-448F-86B2-591FB2B4745F} = {3351B4AC-4049-4400-A0D2-2A34708B7BB5}
		{84BF2556-3C10-41FD-A09A-9260CB91D476} = {3351B4AC-4049-4400-A0D2-2A34708B7BB5}
		{5CEB4357-3FF3-4ADE-840A-F7BB155053BA} = {3351B4AC-4049-4400-A0D2-2A34708B7BB5}
		{FA4C29C3-7024-496B-9AD1-B2D335F24F01} = {8D47FD9A-B54A-4ABC-AF09-8D9A6CB52AAD}
		{5844D1BF-B5A8-4426-9D47-98571F8BDED4} = {AA75B7BF-43B7-4D6F-8349-341ED7CC5F28}
		{F0071B01-37F2-4AF9-B0CE-687812249939} = {7A6B1461-A2FB-448F-86B2-591FB2B4745F}
		{AD60BF56-B1C1-4C82-B010-5633B390B1E5} = {F0071B01-37F2-4AF9-B0CE-687812249939}
		{F61A247D-458B-4FDE-A8B8-EEC6A609D1F0} = {7A6B1461-A2FB-448F-86B2-591FB2B4745F}
		{F7610CF3-CC6A-4FDC-BC26-53FC4C5DA7E2} = {7A6B1461-A2FB-448F-86B2-591FB2B4745F}
		{5BB074BB-C0C4-42ED-BF84-7112F79A7E60} = {F61A247D-458B-4FDE-A8B8-EEC6A609D1F0}
		{C48CDC1B-6739-4CC6-B60A-A6ACD5F7E029} = {F61A247D-458B-4FDE-A8B8-EEC6A609D1F0}
		{9FDEFE0E-AD50-4DDF-8581-CBA796966690} = {F61A247D-458B-4FDE-A8B8-EEC6A609D1F0}
		{1DBD234F-BCC3-41C7-B4A3-6ADEE2787396} = {7A6B1461-A2FB-448F-86B2-591FB2B4745F}
		{337E743C-0296-470E-B594-06469004F849} = {1DBD234F-BCC3-41C7-B4A3-6ADEE2787396}
		{B69855F7-0C16-4707-8443-1D952B744C03} = {F7610CF3-CC6A-4FDC-BC26-53FC4C5DA7E2}
		{BB4AFB8D-1622-48A9-9097-4B6185FC77BC} = {7A6B1461-A2FB-448F-86B2-591FB2B4745F}
		{E9237361-0BBB-4E3A-9302-F90BAD6FD590} = {BB4AFB8D-1622-48A9-9097-4B6185FC77BC}
		{3ACA013E-D118-4B44-B8EE-02E523240503} = {5CEB4357-3FF3-4ADE-840A-F7BB155053BA}
		{C88A0162-01BF-407A-9B29-7D1BC9C02CAD} = {84BF2556-3C10-41FD-A09A-9260CB91D476}
	EndGlobalSection
	GlobalSection(ExtensibilityGlobals) = postSolution
		SolutionGuid = {C297F8C0-C746-4ECE-920C-D7E3629C1759}
	EndGlobalSection
EndGlobal
